{
  "lockfileVersion": 1,
  "configVersion": 1,
  "workspaces": {
    "": {
      "name": "backend",
      "dependencies": {
        "@elysiajs/jwt": "1.4.0",
        "@elysiajs/static": "^1.4.7",
        "bcrypt": "6.0.0",
        "dotenv": "^17.2.3",
        "elysia": "1.4.17",
        "pino": "^9.0.0",
        "pino-pretty": "^13.0.0",
        "redis": "5.10.0",
        "zod": "^3.23.8",
      },
      "devDependencies": {
        "@types/bun": "latest",
      },
    },
  },
  "packages": {
    "@borewit/text-codec": ["@borewit/text-codec@0.1.1", "", {}, "sha512-5L/uBxmjaCIX5h8Z+uu+kA9BQLkc/Wl06UGR5ajNRxu+/XjonB5i8JpgFMrPj3LXTCPA0pv8yxUvbUi+QthGGA=="],

    "@elysiajs/jwt": ["@elysiajs/jwt@1.4.0", "", { "dependencies": { "jose": "^6.0.11" }, "peerDependencies": { "elysia": ">= 1.4.0" } }, "sha512-Z0PvZhQxdDeKZ8HslXzDoXXD83NKExNPmoiAPki3nI2Xvh5wtUrBH+zWOD17yP14IbRo8fxGj3L25MRCAPsgPA=="],

    "@elysiajs/static": ["@elysiajs/static@1.4.7", "", { "peerDependencies": { "elysia": ">= 1.4.0" } }, "sha512-Go4kIXZ0G3iWfkAld07HmLglqIDMVXdyRKBQK/sVEjtpDdjHNb+rUIje73aDTWpZYg4PEVHUpi9v4AlNEwrQug=="],

    "@pinojs/redact": ["@pinojs/redact@0.4.0", "", {}, "sha512-k2ENnmBugE/rzQfEcdWHcCY+/FM3VLzH9cYEsbdsoqrvzAKRhUZeRNhAZvB8OitQJ1TBed3yqWtdjzS6wJKBwg=="],

    "@redis/bloom": ["@redis/bloom@5.10.0", "", { "peerDependencies": { "@redis/client": "^5.10.0" } }, "sha512-doIF37ob+l47n0rkpRNgU8n4iacBlKM9xLiP1LtTZTvz8TloJB8qx/MgvhMhKdYG+CvCY2aPBnN2706izFn/4A=="],

    "@redis/client": ["@redis/client@5.10.0", "", { "dependencies": { "cluster-key-slot": "1.1.2" } }, "sha512-JXmM4XCoso6C75Mr3lhKA3eNxSzkYi3nCzxDIKY+YOszYsJjuKbFgVtguVPbLMOttN4iu2fXoc2BGhdnYhIOxA=="],

    "@redis/json": ["@redis/json@5.10.0", "", { "peerDependencies": { "@redis/client": "^5.10.0" } }, "sha512-B2G8XlOmTPUuZtD44EMGbtoepQG34RCDXLZbjrtON1Djet0t5Ri7/YPXvL9aomXqP8lLTreaprtyLKF4tmXEEA=="],

    "@redis/search": ["@redis/search@5.10.0", "", { "peerDependencies": { "@redis/client": "^5.10.0" } }, "sha512-3SVcPswoSfp2HnmWbAGUzlbUPn7fOohVu2weUQ0S+EMiQi8jwjL+aN2p6V3TI65eNfVsJ8vyPvqWklm6H6esmg=="],

    "@redis/time-series": ["@redis/time-series@5.10.0", "", { "peerDependencies": { "@redis/client": "^5.10.0" } }, "sha512-cPkpddXH5kc/SdRhF0YG0qtjL+noqFT0AcHbQ6axhsPsO7iqPi1cjxgdkE9TNeKiBUUdCaU1DbqkR/LzbzPBhg=="],

    "@sinclair/typebox": ["@sinclair/typebox@0.34.41", "", {}, "sha512-6gS8pZzSXdyRHTIqoqSVknxolr1kzfy4/CeDnrzsVz8TTIWUbOBr6gnzOmTYJ3eXQNh4IYHIGi5aIL7sOZ2G/g=="],

    "@tokenizer/inflate": ["@tokenizer/inflate@0.4.1", "", { "dependencies": { "debug": "^4.4.3", "token-types": "^6.1.1" } }, "sha512-2mAv+8pkG6GIZiF1kNg1jAjh27IDxEPKwdGul3snfztFerfPGI1LjDezZp3i7BElXompqEtPmoPx6c2wgtWsOA=="],

    "@tokenizer/token": ["@tokenizer/token@0.3.0", "", {}, "sha512-OvjF+z51L3ov0OyAU0duzsYuvO01PH7x4t6DJx+guahgTnBHkhJdG7soQeTSFLWN3efnHyibZ4Z8l2EuWwJN3A=="],

    "@types/bun": ["@types/bun@1.3.3", "", { "dependencies": { "bun-types": "1.3.3" } }, "sha512-ogrKbJ2X5N0kWLLFKeytG0eHDleBYtngtlbu9cyBKFtNL3cnpDZkNdQj8flVf6WTZUX5ulI9AY1oa7ljhSrp+g=="],

    "@types/node": ["@types/node@24.10.1", "", { "dependencies": { "undici-types": "~7.16.0" } }, "sha512-GNWcUTRBgIRJD5zj+Tq0fKOJ5XZajIiBroOF0yvj2bSU1WvNdYS/dn9UxwsujGW4JX06dnHyjV2y9rRaybH0iQ=="],

    "atomic-sleep": ["atomic-sleep@1.0.0", "", {}, "sha512-kNOjDqAh7px0XWNI+4QbzoiR/nTkHAWNud2uvnJquD1/x5a7EQZMJT0AczqK0Qn67oY/TTQ1LbUKajZpp3I9tQ=="],

    "bcrypt": ["bcrypt@6.0.0", "", { "dependencies": { "node-addon-api": "^8.3.0", "node-gyp-build": "^4.8.4" } }, "sha512-cU8v/EGSrnH+HnxV2z0J7/blxH8gq7Xh2JFT6Aroax7UohdmiJJlxApMxtKfuI7z68NvvVcmR78k2LbT6efhRg=="],

    "bun-types": ["bun-types@1.3.3", "", { "dependencies": { "@types/node": "*" } }, "sha512-z3Xwlg7j2l9JY27x5Qn3Wlyos8YAp0kKRlrePAOjgjMGS5IG6E7Jnlx736vH9UVI4wUICwwhC9anYL++XeOgTQ=="],

    "cluster-key-slot": ["cluster-key-slot@1.1.2", "", {}, "sha512-RMr0FhtfXemyinomL4hrWcYJxmX6deFdCxpJzhDttxgO1+bcCnkk+9drydLVDmAMG7NE6aN/fl4F7ucU/90gAA=="],

    "colorette": ["colorette@2.0.20", "", {}, "sha512-IfEDxwoWIjkeXL1eXcDiow4UbKjhLdq6/EuSVR9GMN7KVH3r9gQ83e73hsz1Nd1T3ijd5xv1wcWRYO+D6kCI2w=="],

    "cookie": ["cookie@1.1.1", "", {}, "sha512-ei8Aos7ja0weRpFzJnEA9UHJ/7XQmqglbRwnf2ATjcB9Wq874VKH9kfjjirM6UhU2/E5fFYadylyhFldcqSidQ=="],

    "dateformat": ["dateformat@4.6.3", "", {}, "sha512-2P0p0pFGzHS5EMnhdxQi7aJN+iMheud0UhG4dlE1DLAlvL8JHjJJTX/CSm4JXwV0Ka5nGk3zC5mcb5bUQUxxMA=="],

    "debug": ["debug@4.4.3", "", { "dependencies": { "ms": "^2.1.3" } }, "sha512-RGwwWnwQvkVfavKVt22FGLw+xYSdzARwm0ru6DhTVA3umU5hZc28V3kO4stgYryrTlLpuvgI9GiijltAjNbcqA=="],

    "dotenv": ["dotenv@17.2.3", "", {}, "sha512-JVUnt+DUIzu87TABbhPmNfVdBDt18BLOWjMUFJMSi/Qqg7NTYtabbvSNJGOJ7afbRuv9D/lngizHtP7QyLQ+9w=="],

    "elysia": ["elysia@1.4.17", "", { "dependencies": { "cookie": "^1.1.1", "exact-mirror": "0.2.5", "fast-decode-uri-component": "^1.0.1", "memoirist": "^0.4.0" }, "peerDependencies": { "@sinclair/typebox": ">= 0.34.0 < 1", "@types/bun": ">= 1.2.0", "file-type": ">= 20.0.0", "openapi-types": ">= 12.0.0", "typescript": ">= 5.0.0" }, "optionalPeers": ["@types/bun", "typescript"] }, "sha512-GcR7tgxk0+NgMCEqmXMs/xgND4XpmIzUdSdwchcQbYFeFisBcw9cmsvSpI10i160idwtlVyaRXX9K9IZBqnA7Q=="],

    "end-of-stream": ["end-of-stream@1.4.5", "", { "dependencies": { "once": "^1.4.0" } }, "sha512-ooEGc6HP26xXq/N+GCGOT0JKCLDGrq2bQUZrQ7gyrJiZANJ/8YDTxTpQBXGMn+WbIQXNVpyWymm7KYVICQnyOg=="],

    "exact-mirror": ["exact-mirror@0.2.5", "", { "peerDependencies": { "@sinclair/typebox": "^0.34.15" }, "optionalPeers": ["@sinclair/typebox"] }, "sha512-u8Wu2lO8nio5lKSJubOydsdNtQmH8ENba5m0nbQYmTvsjksXKYIS1nSShdDlO8Uem+kbo+N6eD5I03cpZ+QsRQ=="],

    "fast-copy": ["fast-copy@4.0.0", "", {}, "sha512-/oA0gx1xyXE9R2YlV4FXwZJXngFdm9Du0zN8FhY38jnLkhp1u35h6bCyKgRhlsA6C9I+1vfXE4KISdt7xc6M9w=="],

    "fast-decode-uri-component": ["fast-decode-uri-component@1.0.1", "", {}, "sha512-WKgKWg5eUxvRZGwW8FvfbaH7AXSh2cL+3j5fMGzUMCxWBJ3dV3a7Wz8y2f/uQ0e3B6WmodD3oS54jTQ9HVTIIg=="],

    "fast-safe-stringify": ["fast-safe-stringify@2.1.1", "", {}, "sha512-W+KJc2dmILlPplD/H4K9l9LcAHAfPtP6BY84uVLXQ6Evcz9Lcg33Y2z1IVblT6xdY54PXYVHEv+0Wpq8Io6zkA=="],

    "file-type": ["file-type@21.1.1", "", { "dependencies": { "@tokenizer/inflate": "^0.4.1", "strtok3": "^10.3.4", "token-types": "^6.1.1", "uint8array-extras": "^1.4.0" } }, "sha512-ifJXo8zUqbQ/bLbl9sFoqHNTNWbnPY1COImFfM6CCy7z+E+jC1eY9YfOKkx0fckIg+VljAy2/87T61fp0+eEkg=="],

    "help-me": ["help-me@5.0.0", "", {}, "sha512-7xgomUX6ADmcYzFik0HzAxh/73YlKR9bmFzf51CZwR+b6YtzU2m0u49hQCqV6SvlqIqsaxovfwdvbnsw3b/zpg=="],

    "ieee754": ["ieee754@1.2.1", "", {}, "sha512-dcyqhDvX1C46lXZcVqCpK+FtMRQVdIMN6/Df5js2zouUsqG7I6sFxitIC+7KYK29KdXOLHdu9zL4sFnoVQnqaA=="],

    "jose": ["jose@6.1.2", "", {}, "sha512-MpcPtHLE5EmztuFIqB0vzHAWJPpmN1E6L4oo+kze56LIs3MyXIj9ZHMDxqOvkP38gBR7K1v3jqd4WU2+nrfONQ=="],

    "joycon": ["joycon@3.1.1", "", {}, "sha512-34wB/Y7MW7bzjKRjUKTa46I2Z7eV62Rkhva+KkopW7Qvv/OSWBqvkSY7vusOPrNuZcUG3tApvdVgNB8POj3SPw=="],

    "memoirist": ["memoirist@0.4.0", "", {}, "sha512-zxTgA0mSYELa66DimuNQDvyLq36AwDlTuVRbnQtB+VuTcKWm5Qc4z3WkSpgsFWHNhexqkIooqpv4hdcqrX5Nmg=="],

    "minimist": ["minimist@1.2.8", "", {}, "sha512-2yyAR8qBkN3YuheJanUpWC5U3bb5osDywNB8RzDVlDwDHbocAJveqqj1u8+SVD7jkWT4yvsHCpWqqWqAxb0zCA=="],

    "ms": ["ms@2.1.3", "", {}, "sha512-6FlzubTLZG3J2a/NVCAleEhjzq5oxgHyaCU9yYXvcLsvoVaHJq/s5xXI6/XXP6tz7R9xAOtHnSO/tXtF3WRTlA=="],

    "node-addon-api": ["node-addon-api@8.5.0", "", {}, "sha512-/bRZty2mXUIFY/xU5HLvveNHlswNJej+RnxBjOMkidWfwZzgTbPG1E3K5TOxRLOR+5hX7bSofy8yf1hZevMS8A=="],

    "node-gyp-build": ["node-gyp-build@4.8.4", "", { "bin": { "node-gyp-build": "bin.js", "node-gyp-build-optional": "optional.js", "node-gyp-build-test": "build-test.js" } }, "sha512-LA4ZjwlnUblHVgq0oBF3Jl/6h/Nvs5fzBLwdEF4nuxnFdsfajde4WfxtJr3CaiH+F6ewcIB/q4jQ4UzPyid+CQ=="],

    "on-exit-leak-free": ["on-exit-leak-free@2.1.2", "", {}, "sha512-0eJJY6hXLGf1udHwfNftBqH+g73EU4B504nZeKpz1sYRKafAghwxEJunB2O7rDZkL4PGfsMVnTXZ2EjibbqcsA=="],

    "once": ["once@1.4.0", "", { "dependencies": { "wrappy": "1" } }, "sha512-lNaJgI+2Q5URQBkccEKHTQOPaXdUxnZZElQTZY0MFUAuaEqe1E+Nyvgdz/aIyNi6Z9MzO5dv1H8n58/GELp3+w=="],

    "openapi-types": ["openapi-types@12.1.3", "", {}, "sha512-N4YtSYJqghVu4iek2ZUvcN/0aqH1kRDuNqzcycDxhOUpg7GdvLa2F3DgS6yBNhInhv2r/6I0Flkn7CqL8+nIcw=="],

    "pino": ["pino@9.14.0", "", { "dependencies": { "@pinojs/redact": "^0.4.0", "atomic-sleep": "^1.0.0", "on-exit-leak-free": "^2.1.0", "pino-abstract-transport": "^2.0.0", "pino-std-serializers": "^7.0.0", "process-warning": "^5.0.0", "quick-format-unescaped": "^4.0.3", "real-require": "^0.2.0", "safe-stable-stringify": "^2.3.1", "sonic-boom": "^4.0.1", "thread-stream": "^3.0.0" }, "bin": { "pino": "bin.js" } }, "sha512-8OEwKp5juEvb/MjpIc4hjqfgCNysrS94RIOMXYvpYCdm/jglrKEiAYmiumbmGhCvs+IcInsphYDFwqrjr7398w=="],

    "pino-abstract-transport": ["pino-abstract-transport@2.0.0", "", { "dependencies": { "split2": "^4.0.0" } }, "sha512-F63x5tizV6WCh4R6RHyi2Ml+M70DNRXt/+HANowMflpgGFMAym/VKm6G7ZOQRjqN7XbGxK1Lg9t6ZrtzOaivMw=="],

    "pino-pretty": ["pino-pretty@13.1.3", "", { "dependencies": { "colorette": "^2.0.7", "dateformat": "^4.6.3", "fast-copy": "^4.0.0", "fast-safe-stringify": "^2.1.1", "help-me": "^5.0.0", "joycon": "^3.1.1", "minimist": "^1.2.6", "on-exit-leak-free": "^2.1.0", "pino-abstract-transport": "^3.0.0", "pump": "^3.0.0", "secure-json-parse": "^4.0.0", "sonic-boom": "^4.0.1", "strip-json-comments": "^5.0.2" }, "bin": { "pino-pretty": "bin.js" } }, "sha512-ttXRkkOz6WWC95KeY9+xxWL6AtImwbyMHrL1mSwqwW9u+vLp/WIElvHvCSDg0xO/Dzrggz1zv3rN5ovTRVowKg=="],

    "pino-std-serializers": ["pino-std-serializers@7.0.0", "", {}, "sha512-e906FRY0+tV27iq4juKzSYPbUj2do2X2JX4EzSca1631EB2QJQUqGbDuERal7LCtOpxl6x3+nvo9NPZcmjkiFA=="],

    "process-warning": ["process-warning@5.0.0", "", {}, "sha512-a39t9ApHNx2L4+HBnQKqxxHNs1r7KF+Intd8Q/g1bUh6q0WIp9voPXJ/x0j+ZL45KF1pJd9+q2jLIRMfvEshkA=="],

    "pump": ["pump@3.0.3", "", { "dependencies": { "end-of-stream": "^1.1.0", "once": "^1.3.1" } }, "sha512-todwxLMY7/heScKmntwQG8CXVkWUOdYxIvY2s0VWAAMh/nd8SoYiRaKjlr7+iCs984f2P8zvrfWcDDYVb73NfA=="],

    "quick-format-unescaped": ["quick-format-unescaped@4.0.4", "", {}, "sha512-tYC1Q1hgyRuHgloV/YXs2w15unPVh8qfu/qCTfhTYamaw7fyhumKa2yGpdSo87vY32rIclj+4fWYQXUMs9EHvg=="],

    "real-require": ["real-require@0.2.0", "", {}, "sha512-57frrGM/OCTLqLOAh0mhVA9VBMHd+9U7Zb2THMGdBUoZVOtGbJzjxsYGDJ3A9AYYCP4hn6y1TVbaOfzWtm5GFg=="],

    "redis": ["redis@5.10.0", "", { "dependencies": { "@redis/bloom": "5.10.0", "@redis/client": "5.10.0", "@redis/json": "5.10.0", "@redis/search": "5.10.0", "@redis/time-series": "5.10.0" } }, "sha512-0/Y+7IEiTgVGPrLFKy8oAEArSyEJkU0zvgV5xyi9NzNQ+SLZmyFbUsWIbgPcd4UdUh00opXGKlXJwMmsis5Byw=="],

    "safe-stable-stringify": ["safe-stable-stringify@2.5.0", "", {}, "sha512-b3rppTKm9T+PsVCBEOUR46GWI7fdOs00VKZ1+9c1EWDaDMvjQc6tUwuFyIprgGgTcWoVHSKrU8H31ZHA2e0RHA=="],

    "secure-json-parse": ["secure-json-parse@4.1.0", "", {}, "sha512-l4KnYfEyqYJxDwlNVyRfO2E4NTHfMKAWdUuA8J0yve2Dz/E/PdBepY03RvyJpssIpRFwJoCD55wA+mEDs6ByWA=="],

    "sonic-boom": ["sonic-boom@4.2.0", "", { "dependencies": { "atomic-sleep": "^1.0.0" } }, "sha512-INb7TM37/mAcsGmc9hyyI6+QR3rR1zVRu36B0NeGXKnOOLiZOfER5SA+N7X7k3yUYRzLWafduTDvJAfDswwEww=="],

    "split2": ["split2@4.2.0", "", {}, "sha512-UcjcJOWknrNkF6PLX83qcHM6KHgVKNkV62Y8a5uYDVv9ydGQVwAHMKqHdJje1VTWpljG0WYpCDhrCdAOYH4TWg=="],

    "strip-json-comments": ["strip-json-comments@5.0.3", "", {}, "sha512-1tB5mhVo7U+ETBKNf92xT4hrQa3pm0MZ0PQvuDnWgAAGHDsfp4lPSpiS6psrSiet87wyGPh9ft6wmhOMQ0hDiw=="],

    "strtok3": ["strtok3@10.3.4", "", { "dependencies": { "@tokenizer/token": "^0.3.0" } }, "sha512-KIy5nylvC5le1OdaaoCJ07L+8iQzJHGH6pWDuzS+d07Cu7n1MZ2x26P8ZKIWfbK02+XIL8Mp4RkWeqdUCrDMfg=="],

    "thread-stream": ["thread-stream@3.1.0", "", { "dependencies": { "real-require": "^0.2.0" } }, "sha512-OqyPZ9u96VohAyMfJykzmivOrY2wfMSf3C5TtFJVgN+Hm6aj+voFhlK+kZEIv2FBh1X6Xp3DlnCOfEQ3B2J86A=="],

    "token-types": ["token-types@6.1.1", "", { "dependencies": { "@borewit/text-codec": "^0.1.0", "@tokenizer/token": "^0.3.0", "ieee754": "^1.2.1" } }, "sha512-kh9LVIWH5CnL63Ipf0jhlBIy0UsrMj/NJDfpsy1SqOXlLKEVyXXYrnFxFT1yOOYVGBSApeVnjPw/sBz5BfEjAQ=="],

    "uint8array-extras": ["uint8array-extras@1.5.0", "", {}, "sha512-rvKSBiC5zqCCiDZ9kAOszZcDvdAHwwIKJG33Ykj43OKcWsnmcBRL09YTU4nOeHZ8Y2a7l1MgTd08SBe9A8Qj6A=="],

    "undici-types": ["undici-types@7.16.0", "", {}, "sha512-Zz+aZWSj8LE6zoxD+xrjh4VfkIG8Ya6LvYkZqtUQGJPZjYl53ypCaUwWqo7eI0x66KBGeRo+mlBEkMSeSZ38Nw=="],

    "wrappy": ["wrappy@1.0.2", "", {}, "sha512-l4Sp/DRseor9wL6EvV2+TuQn63dMkPjZ/sp9XkghTEbV9KlPS1xUsZ3u7/IQO4wxtcFB4bgpQPRcR3QCvezPcQ=="],

    "zod": ["zod@3.25.76", "", {}, "sha512-gzUt/qt81nXsFGKIFcC3YnfEAx5NkunCfnDlvuBSSFS02bcXu4Lmea0AFIUwbLWxWPx3d9p8S5QoaujKcNQxcQ=="],

    "pino-pretty/pino-abstract-transport": ["pino-abstract-transport@3.0.0", "", { "dependencies": { "split2": "^4.0.0" } }, "sha512-wlfUczU+n7Hy/Ha5j9a/gZNy7We5+cXp8YL+X+PG8S0KXxw7n/JXA3c46Y0zQznIJ83URJiwy7Lh56WLokNuxg=="],
  }
}
